
Microsoft Visual Studio Solution File, Format Version 12.00
# Visual Studio Version 16
VisualStudioVersion = 16.0.31702.278
MinimumVisualStudioVersion = 10.0.40219.1
Project("{FAE04EC0-301F-11D3-BF4B-00C04F79EFBC}") = "OtobüsBiletSatış", "OtobüsBiletSatış\OtobüsBiletSatış.csproj", "{B873C50E-CDD2-47FD-BFA8-72536FEE47DF}"
EndProject
Global
	GlobalSection(SolutionConfigurationPlatforms) = preSolution
		Debug|Any CPU = Debug|Any CPU
		Release|Any CPU = Release|Any CPU
	EndGlobalSection
	GlobalSection(ProjectConfigurationPlatforms) = postSolution
		{B873C50E-CDD2-47FD-BFA8-72536FEE47DF}.Debug|Any CPU.ActiveCfg = Debug|Any CPU
		{B873C50E-CDD2-47FD-BFA8-72536FEE47DF}.Debug|Any CPU.Build.0 = Debug|Any CPU
		{B873C50E-CDD2-47FD-BFA8-72536FEE47DF}.Release|Any CPU.ActiveCfg = Release|Any CPU
		{B873C50E-CDD2-47FD-BFA8-72536FEE47DF}.Release|Any CPU.Build.0 = Release|Any CPU
	EndGlobalSection
	GlobalSection(SolutionProperties) = preSolution
		HideSolutionNode = FALSE
	EndGlobalSection
	GlobalSection(ExtensibilityGlobals) = postSolution
		SolutionGuid = {219713D7-224A-4A4F-B4DD-90448F782568}
	EndGlobalSection
EndGlobal
