
Microsoft Visual Studio Solution File, Format Version 12.00
# Visual Studio Version 16
VisualStudioVersion = 16.0.31702.278
MinimumVisualStudioVersion = 10.0.40219.1
Project("{FAE04EC0-301F-11D3-BF4B-00C04F79EFBC}") = "Performans Ödevim", "Performans Ödevim\Performans Ödevim.csproj", "{86CF2895-5E96-4B48-B95E-7D0273BD5A17}"
EndProject
Global
	GlobalSection(SolutionConfigurationPlatforms) = preSolution
		Debug|Any CPU = Debug|Any CPU
		Release|Any CPU = Release|Any CPU
	EndGlobalSection
	GlobalSection(ProjectConfigurationPlatforms) = postSolution
		{86CF2895-5E96-4B48-B95E-7D0273BD5A17}.Debug|Any CPU.ActiveCfg = Debug|Any CPU
		{86CF2895-5E96-4B48-B95E-7D0273BD5A17}.Debug|Any CPU.Build.0 = Debug|Any CPU
		{86CF2895-5E96-4B48-B95E-7D0273BD5A17}.Release|Any CPU.ActiveCfg = Release|Any CPU
		{86CF2895-5E96-4B48-B95E-7D0273BD5A17}.Release|Any CPU.Build.0 = Release|Any CPU
	EndGlobalSection
	GlobalSection(SolutionProperties) = preSolution
		HideSolutionNode = FALSE
	EndGlobalSection
	GlobalSection(ExtensibilityGlobals) = postSolution
		SolutionGuid = {A98B8791-B764-4F69-A571-352B029F5F6D}
	EndGlobalSection
EndGlobal
